// !$*UTF8*$!
{
	archiveVersion = 1;
	classes = {
	};
	objectVersion = 50;
	objects = {

/* Begin PBXBuildFile section */
		6A12EE70214D2D2A00D4C16C /* UIAlertHelper.h in Headers */ = {isa = PBXBuildFile; fileRef = 6A12EE6E214D2D2A00D4C16C /* UIAlertHelper.h */; settings = {ATTRIBUTES = (Public, ); }; };
		6A12EEC7214D2D5F00D4C16C /* Array+Extensions.swift in Sources */ = {isa = PBXBuildFile; fileRef = 6A12EE78214D2D5E00D4C16C /* Array+Extensions.swift */; };
		6A12EEC8214D2D5F00D4C16C /* UISegmentedControl+Extensions.swift in Sources */ = {isa = PBXBuildFile; fileRef = 6A12EE79214D2D5E00D4C16C /* UISegmentedControl+Extensions.swift */; };
		6A12EEC9214D2D5F00D4C16C /* UIImageView+Extensions.swift in Sources */ = {isa = PBXBuildFile; fileRef = 6A12EE7A214D2D5E00D4C16C /* UIImageView+Extensions.swift */; };
		6A12EECA214D2D5F00D4C16C /* UIViewController+Extensions.swift in Sources */ = {isa = PBXBuildFile; fileRef = 6A12EE7B214D2D5E00D4C16C /* UIViewController+Extensions.swift */; };
		6A12EECB214D2D5F00D4C16C /* UIView+Extensions.swift in Sources */ = {isa = PBXBuildFile; fileRef = 6A12EE7C214D2D5E00D4C16C /* UIView+Extensions.swift */; };
		6A12EECC214D2D5F00D4C16C /* Date+Extension.swift in Sources */ = {isa = PBXBuildFile; fileRef = 6A12EE7D214D2D5E00D4C16C /* Date+Extension.swift */; };
		6A12EECD214D2D5F00D4C16C /* String+Extensions.swift in Sources */ = {isa = PBXBuildFile; fileRef = 6A12EE7E214D2D5E00D4C16C /* String+Extensions.swift */; };
		6A12EECE214D2D5F00D4C16C /* UITextView+Extensions.swift in Sources */ = {isa = PBXBuildFile; fileRef = 6A12EE7F214D2D5E00D4C16C /* UITextView+Extensions.swift */; };
		6A12EECF214D2D5F00D4C16C /* UIColor+Extensions.swift in Sources */ = {isa = PBXBuildFile; fileRef = 6A12EE80214D2D5E00D4C16C /* UIColor+Extensions.swift */; };
		6A12EED0214D2D5F00D4C16C /* UIImage+Extensions.swift in Sources */ = {isa = PBXBuildFile; fileRef = 6A12EE81214D2D5E00D4C16C /* UIImage+Extensions.swift */; };
		6A12EED1214D2D5F00D4C16C /* UISearchBar+Extensions.swift in Sources */ = {isa = PBXBuildFile; fileRef = 6A12EE82214D2D5E00D4C16C /* UISearchBar+Extensions.swift */; };
		6A12EED2214D2D5F00D4C16C /* UIApplication+Extensions.swift in Sources */ = {isa = PBXBuildFile; fileRef = 6A12EE83214D2D5E00D4C16C /* UIApplication+Extensions.swift */; };
		6A12EED3214D2D5F00D4C16C /* UIAlertController+Extensions.swift in Sources */ = {isa = PBXBuildFile; fileRef = 6A12EE84214D2D5E00D4C16C /* UIAlertController+Extensions.swift */; };
		6A12EED4214D2D5F00D4C16C /* Optional+Extensions.swift in Sources */ = {isa = PBXBuildFile; fileRef = 6A12EE85214D2D5E00D4C16C /* Optional+Extensions.swift */; };
		6A12EED5214D2D5F00D4C16C /* Common+Extensions.swift in Sources */ = {isa = PBXBuildFile; fileRef = 6A12EE86214D2D5E00D4C16C /* Common+Extensions.swift */; };
		6A12EED6214D2D5F00D4C16C /* Locale+Extensions.swift in Sources */ = {isa = PBXBuildFile; fileRef = 6A12EE87214D2D5E00D4C16C /* Locale+Extensions.swift */; };
		6A12EED7214D2D5F00D4C16C /* UITextField+Extensions.swift in Sources */ = {isa = PBXBuildFile; fileRef = 6A12EE88214D2D5E00D4C16C /* UITextField+Extensions.swift */; };
		6A12EED8214D2D5F00D4C16C /* AttributedTextBlock.swift in Sources */ = {isa = PBXBuildFile; fileRef = 6A12EE8B214D2D5E00D4C16C /* AttributedTextBlock.swift */; };
		6A12EED9214D2D5F00D4C16C /* TextViewController.swift in Sources */ = {isa = PBXBuildFile; fileRef = 6A12EE8C214D2D5E00D4C16C /* TextViewController.swift */; };
		6A12EEDA214D2D5F00D4C16C /* Countries.bundle in Resources */ = {isa = PBXBuildFile; fileRef = 6A12EE8F214D2D5E00D4C16C /* Countries.bundle */; };
		6A12EEDB214D2D5F00D4C16C /* LocaleStore.swift in Sources */ = {isa = PBXBuildFile; fileRef = 6A12EE91214D2D5E00D4C16C /* LocaleStore.swift */; };
		6A12EEDC214D2D5F00D4C16C /* LocaleInfo.swift in Sources */ = {isa = PBXBuildFile; fileRef = 6A12EE93214D2D5E00D4C16C /* LocaleInfo.swift */; };
		6A12EEDD214D2D5F00D4C16C /* LocalePickerViewController.swift in Sources */ = {isa = PBXBuildFile; fileRef = 6A12EE94214D2D5E00D4C16C /* LocalePickerViewController.swift */; };
		6A12EEDE214D2D5F00D4C16C /* PhoneCodeCell.swift in Sources */ = {isa = PBXBuildFile; fileRef = 6A12EE96214D2D5E00D4C16C /* PhoneCodeCell.swift */; };
		6A12EEDF214D2D5F00D4C16C /* CurrencyCell.swift in Sources */ = {isa = PBXBuildFile; fileRef = 6A12EE97214D2D5E00D4C16C /* CurrencyCell.swift */; };
		6A12EEE0214D2D5F00D4C16C /* CountryCell.swift in Sources */ = {isa = PBXBuildFile; fileRef = 6A12EE98214D2D5E00D4C16C /* CountryCell.swift */; };
		6A12EEE1214D2D5F00D4C16C /* TwoTextFieldsViewController.swift in Sources */ = {isa = PBXBuildFile; fileRef = 6A12EE9A214D2D5E00D4C16C /* TwoTextFieldsViewController.swift */; };
		6A12EEE2214D2D5F00D4C16C /* OneTextFieldViewController.swift in Sources */ = {isa = PBXBuildFile; fileRef = 6A12EE9B214D2D5E00D4C16C /* OneTextFieldViewController.swift */; };
		6A12EEE3214D2D5F00D4C16C /* Assets.swift in Sources */ = {isa = PBXBuildFile; fileRef = 6A12EE9E214D2D5E00D4C16C /* Assets.swift */; };
		6A12EEE4214D2D5F00D4C16C /* PhotoLibraryPickerViewController.swift in Sources */ = {isa = PBXBuildFile; fileRef = 6A12EE9F214D2D5E00D4C16C /* PhotoLibraryPickerViewController.swift */; };
		6A12EEE5214D2D5F00D4C16C /* LocationSearchResultsViewController.swift in Sources */ = {isa = PBXBuildFile; fileRef = 6A12EEA1214D2D5E00D4C16C /* LocationSearchResultsViewController.swift */; };
		6A12EEE6214D2D5F00D4C16C /* LocationPickerViewController.swift in Sources */ = {isa = PBXBuildFile; fileRef = 6A12EEA2214D2D5E00D4C16C /* LocationPickerViewController.swift */; };
		6A12EEE7214D2D5F00D4C16C /* SearchHistoryManager.swift in Sources */ = {isa = PBXBuildFile; fileRef = 6A12EEA4214D2D5E00D4C16C /* SearchHistoryManager.swift */; };
		6A12EEE8214D2D5F00D4C16C /* Location.swift in Sources */ = {isa = PBXBuildFile; fileRef = 6A12EEA6214D2D5E00D4C16C /* Location.swift */; };
		6A12EEE9214D2D5F00D4C16C /* Address.swift in Sources */ = {isa = PBXBuildFile; fileRef = 6A12EEA7214D2D5E00D4C16C /* Address.swift */; };
		6A12EEEA214D2D5F00D4C16C /* PickerViewViewController.swift in Sources */ = {isa = PBXBuildFile; fileRef = 6A12EEA9214D2D5E00D4C16C /* PickerViewViewController.swift */; };
		6A12EEEB214D2D5F00D4C16C /* ContactsPickerViewController.swift in Sources */ = {isa = PBXBuildFile; fileRef = 6A12EEAB214D2D5F00D4C16C /* ContactsPickerViewController.swift */; };
		6A12EEEC214D2D5F00D4C16C /* Contacts.swift in Sources */ = {isa = PBXBuildFile; fileRef = 6A12EEAD214D2D5F00D4C16C /* Contacts.swift */; };
		6A12EEED214D2D5F00D4C16C /* Contact.swift in Sources */ = {isa = PBXBuildFile; fileRef = 6A12EEAF214D2D5F00D4C16C /* Contact.swift */; };
		6A12EEEE214D2D5F00D4C16C /* ContactCell.swift in Sources */ = {isa = PBXBuildFile; fileRef = 6A12EEB1214D2D5F00D4C16C /* ContactCell.swift */; };
		6A12EEEF214D2D5F00D4C16C /* ColorPickerViewController.swift in Sources */ = {isa = PBXBuildFile; fileRef = 6A12EEB3214D2D5F00D4C16C /* ColorPickerViewController.swift */; };
		6A12EEF0214D2D5F00D4C16C /* DatePickerViewController.swift in Sources */ = {isa = PBXBuildFile; fileRef = 6A12EEB5214D2D5F00D4C16C /* DatePickerViewController.swift */; };
		6A12EEF1214D2D5F00D4C16C /* ImagePickerViewController.swift in Sources */ = {isa = PBXBuildFile; fileRef = 6A12EEB7214D2D5F00D4C16C /* ImagePickerViewController.swift */; };
		6A12EEF2214D2D5F00D4C16C /* ItemWithImage.swift in Sources */ = {isa = PBXBuildFile; fileRef = 6A12EEB9214D2D5F00D4C16C /* ItemWithImage.swift */; };
		6A12EEF3214D2D5F00D4C16C /* PhotoLayout.swift in Sources */ = {isa = PBXBuildFile; fileRef = 6A12EEBC214D2D5F00D4C16C /* PhotoLayout.swift */; };
		6A12EEF4214D2D5F00D4C16C /* TelegramPickerViewController.swift in Sources */ = {isa = PBXBuildFile; fileRef = 6A12EEBD214D2D5F00D4C16C /* TelegramPickerViewController.swift */; };
		6A12EEF5214D2D5F00D4C16C /* ItemWithPhoto.swift in Sources */ = {isa = PBXBuildFile; fileRef = 6A12EEBF214D2D5F00D4C16C /* ItemWithPhoto.swift */; };
		6A12EEF6214D2D5F00D4C16C /* LikeButtonCell.swift in Sources */ = {isa = PBXBuildFile; fileRef = 6A12EEC0214D2D5F00D4C16C /* LikeButtonCell.swift */; };
		6A12EEF7214D2D5F00D4C16C /* Label.swift in Sources */ = {isa = PBXBuildFile; fileRef = 6A12EEC2214D2D5F00D4C16C /* Label.swift */; };
		6A12EEF8214D2D5F00D4C16C /* SegmentedControl.swift in Sources */ = {isa = PBXBuildFile; fileRef = 6A12EEC3214D2D5F00D4C16C /* SegmentedControl.swift */; };
		6A12EEF9214D2D5F00D4C16C /* GradientSlider.swift in Sources */ = {isa = PBXBuildFile; fileRef = 6A12EEC4214D2D5F00D4C16C /* GradientSlider.swift */; };
		6A12EEFA214D2D5F00D4C16C /* TextField.swift in Sources */ = {isa = PBXBuildFile; fileRef = 6A12EEC5214D2D5F00D4C16C /* TextField.swift */; };
		6A12EEFB214D2D5F00D4C16C /* Button.swift in Sources */ = {isa = PBXBuildFile; fileRef = 6A12EEC6214D2D5F00D4C16C /* Button.swift */; };
/* End PBXBuildFile section */

/* Begin PBXFileReference section */
		6A12EE6B214D2D2A00D4C16C /* UIAlertHelper.framework */ = {isa = PBXFileReference; explicitFileType = wrapper.framework; includeInIndex = 0; path = UIAlertHelper.framework; sourceTree = BUILT_PRODUCTS_DIR; };
		6A12EE6E214D2D2A00D4C16C /* UIAlertHelper.h */ = {isa = PBXFileReference; lastKnownFileType = sourcecode.c.h; path = UIAlertHelper.h; sourceTree = "<group>"; };
		6A12EE6F214D2D2A00D4C16C /* Info.plist */ = {isa = PBXFileReference; lastKnownFileType = text.plist.xml; path = Info.plist; sourceTree = "<group>"; };
		6A12EE78214D2D5E00D4C16C /* Array+Extensions.swift */ = {isa = PBXFileReference; fileEncoding = 4; lastKnownFileType = sourcecode.swift; path = "Array+Extensions.swift"; sourceTree = "<group>"; };
		6A12EE79214D2D5E00D4C16C /* UISegmentedControl+Extensions.swift */ = {isa = PBXFileReference; fileEncoding = 4; lastKnownFileType = sourcecode.swift; path = "UISegmentedControl+Extensions.swift"; sourceTree = "<group>"; };
		6A12EE7A214D2D5E00D4C16C /* UIImageView+Extensions.swift */ = {isa = PBXFileReference; fileEncoding = 4; lastKnownFileType = sourcecode.swift; path = "UIImageView+Extensions.swift"; sourceTree = "<group>"; };
		6A12EE7B214D2D5E00D4C16C /* UIViewController+Extensions.swift */ = {isa = PBXFileReference; fileEncoding = 4; lastKnownFileType = sourcecode.swift; path = "UIViewController+Extensions.swift"; sourceTree = "<group>"; };
		6A12EE7C214D2D5E00D4C16C /* UIView+Extensions.swift */ = {isa = PBXFileReference; fileEncoding = 4; lastKnownFileType = sourcecode.swift; path = "UIView+Extensions.swift"; sourceTree = "<group>"; };
		6A12EE7D214D2D5E00D4C16C /* Date+Extension.swift */ = {isa = PBXFileReference; fileEncoding = 4; lastKnownFileType = sourcecode.swift; path = "Date+Extension.swift"; sourceTree = "<group>"; };
		6A12EE7E214D2D5E00D4C16C /* String+Extensions.swift */ = {isa = PBXFileReference; fileEncoding = 4; lastKnownFileType = sourcecode.swift; path = "String+Extensions.swift"; sourceTree = "<group>"; };
		6A12EE7F214D2D5E00D4C16C /* UITextView+Extensions.swift */ = {isa = PBXFileReference; fileEncoding = 4; lastKnownFileType = sourcecode.swift; path = "UITextView+Extensions.swift"; sourceTree = "<group>"; };
		6A12EE80214D2D5E00D4C16C /* UIColor+Extensions.swift */ = {isa = PBXFileReference; fileEncoding = 4; lastKnownFileType = sourcecode.swift; path = "UIColor+Extensions.swift"; sourceTree = "<group>"; };
		6A12EE81214D2D5E00D4C16C /* UIImage+Extensions.swift */ = {isa = PBXFileReference; fileEncoding = 4; lastKnownFileType = sourcecode.swift; path = "UIImage+Extensions.swift"; sourceTree = "<group>"; };
		6A12EE82214D2D5E00D4C16C /* UISearchBar+Extensions.swift */ = {isa = PBXFileReference; fileEncoding = 4; lastKnownFileType = sourcecode.swift; path = "UISearchBar+Extensions.swift"; sourceTree = "<group>"; };
		6A12EE83214D2D5E00D4C16C /* UIApplication+Extensions.swift */ = {isa = PBXFileReference; fileEncoding = 4; lastKnownFileType = sourcecode.swift; path = "UIApplication+Extensions.swift"; sourceTree = "<group>"; };
		6A12EE84214D2D5E00D4C16C /* UIAlertController+Extensions.swift */ = {isa = PBXFileReference; fileEncoding = 4; lastKnownFileType = sourcecode.swift; path = "UIAlertController+Extensions.swift"; sourceTree = "<group>"; };
		6A12EE85214D2D5E00D4C16C /* Optional+Extensions.swift */ = {isa = PBXFileReference; fileEncoding = 4; lastKnownFileType = sourcecode.swift; path = "Optional+Extensions.swift"; sourceTree = "<group>"; };
		6A12EE86214D2D5E00D4C16C /* Common+Extensions.swift */ = {isa = PBXFileReference; fileEncoding = 4; lastKnownFileType = sourcecode.swift; path = "Common+Extensions.swift"; sourceTree = "<group>"; };
		6A12EE87214D2D5E00D4C16C /* Locale+Extensions.swift */ = {isa = PBXFileReference; fileEncoding = 4; lastKnownFileType = sourcecode.swift; path = "Locale+Extensions.swift"; sourceTree = "<group>"; };
		6A12EE88214D2D5E00D4C16C /* UITextField+Extensions.swift */ = {isa = PBXFileReference; fileEncoding = 4; lastKnownFileType = sourcecode.swift; path = "UITextField+Extensions.swift"; sourceTree = "<group>"; };
		6A12EE8B214D2D5E00D4C16C /* AttributedTextBlock.swift */ = {isa = PBXFileReference; fileEncoding = 4; lastKnownFileType = sourcecode.swift; path = AttributedTextBlock.swift; sourceTree = "<group>"; };
		6A12EE8C214D2D5E00D4C16C /* TextViewController.swift */ = {isa = PBXFileReference; fileEncoding = 4; lastKnownFileType = sourcecode.swift; path = TextViewController.swift; sourceTree = "<group>"; };
		6A12EE8F214D2D5E00D4C16C /* Countries.bundle */ = {isa = PBXFileReference; lastKnownFileType = "wrapper.plug-in"; path = Countries.bundle; sourceTree = "<group>"; };
		6A12EE91214D2D5E00D4C16C /* LocaleStore.swift */ = {isa = PBXFileReference; fileEncoding = 4; lastKnownFileType = sourcecode.swift; path = LocaleStore.swift; sourceTree = "<group>"; };
		6A12EE93214D2D5E00D4C16C /* LocaleInfo.swift */ = {isa = PBXFileReference; fileEncoding = 4; lastKnownFileType = sourcecode.swift; path = LocaleInfo.swift; sourceTree = "<group>"; };
		6A12EE94214D2D5E00D4C16C /* LocalePickerViewController.swift */ = {isa = PBXFileReference; fileEncoding = 4; lastKnownFileType = sourcecode.swift; path = LocalePickerViewController.swift; sourceTree = "<group>"; };
		6A12EE96214D2D5E00D4C16C /* PhoneCodeCell.swift */ = {isa = PBXFileReference; fileEncoding = 4; lastKnownFileType = sourcecode.swift; path = PhoneCodeCell.swift; sourceTree = "<group>"; };
		6A12EE97214D2D5E00D4C16C /* CurrencyCell.swift */ = {isa = PBXFileReference; fileEncoding = 4; lastKnownFileType = sourcecode.swift; path = CurrencyCell.swift; sourceTree = "<group>"; };
		6A12EE98214D2D5E00D4C16C /* CountryCell.swift */ = {isa = PBXFileReference; fileEncoding = 4; lastKnownFileType = sourcecode.swift; path = CountryCell.swift; sourceTree = "<group>"; };
		6A12EE9A214D2D5E00D4C16C /* TwoTextFieldsViewController.swift */ = {isa = PBXFileReference; fileEncoding = 4; lastKnownFileType = sourcecode.swift; path = TwoTextFieldsViewController.swift; sourceTree = "<group>"; };
		6A12EE9B214D2D5E00D4C16C /* OneTextFieldViewController.swift */ = {isa = PBXFileReference; fileEncoding = 4; lastKnownFileType = sourcecode.swift; path = OneTextFieldViewController.swift; sourceTree = "<group>"; };
		6A12EE9E214D2D5E00D4C16C /* Assets.swift */ = {isa = PBXFileReference; fileEncoding = 4; lastKnownFileType = sourcecode.swift; path = Assets.swift; sourceTree = "<group>"; };
		6A12EE9F214D2D5E00D4C16C /* PhotoLibraryPickerViewController.swift */ = {isa = PBXFileReference; fileEncoding = 4; lastKnownFileType = sourcecode.swift; path = PhotoLibraryPickerViewController.swift; sourceTree = "<group>"; };
		6A12EEA1214D2D5E00D4C16C /* LocationSearchResultsViewController.swift */ = {isa = PBXFileReference; fileEncoding = 4; lastKnownFileType = sourcecode.swift; path = LocationSearchResultsViewController.swift; sourceTree = "<group>"; };
		6A12EEA2214D2D5E00D4C16C /* LocationPickerViewController.swift */ = {isa = PBXFileReference; fileEncoding = 4; lastKnownFileType = sourcecode.swift; path = LocationPickerViewController.swift; sourceTree = "<group>"; };
		6A12EEA4214D2D5E00D4C16C /* SearchHistoryManager.swift */ = {isa = PBXFileReference; fileEncoding = 4; lastKnownFileType = sourcecode.swift; path = SearchHistoryManager.swift; sourceTree = "<group>"; };
		6A12EEA6214D2D5E00D4C16C /* Location.swift */ = {isa = PBXFileReference; fileEncoding = 4; lastKnownFileType = sourcecode.swift; path = Location.swift; sourceTree = "<group>"; };
		6A12EEA7214D2D5E00D4C16C /* Address.swift */ = {isa = PBXFileReference; fileEncoding = 4; lastKnownFileType = sourcecode.swift; path = Address.swift; sourceTree = "<group>"; };
		6A12EEA9214D2D5E00D4C16C /* PickerViewViewController.swift */ = {isa = PBXFileReference; fileEncoding = 4; lastKnownFileType = sourcecode.swift; path = PickerViewViewController.swift; sourceTree = "<group>"; };
		6A12EEAB214D2D5F00D4C16C /* ContactsPickerViewController.swift */ = {isa = PBXFileReference; fileEncoding = 4; lastKnownFileType = sourcecode.swift; path = ContactsPickerViewController.swift; sourceTree = "<group>"; };
		6A12EEAD214D2D5F00D4C16C /* Contacts.swift */ = {isa = PBXFileReference; fileEncoding = 4; lastKnownFileType = sourcecode.swift; path = Contacts.swift; sourceTree = "<group>"; };
		6A12EEAF214D2D5F00D4C16C /* Contact.swift */ = {isa = PBXFileReference; fileEncoding = 4; lastKnownFileType = sourcecode.swift; path = Contact.swift; sourceTree = "<group>"; };
		6A12EEB1214D2D5F00D4C16C /* ContactCell.swift */ = {isa = PBXFileReference; fileEncoding = 4; lastKnownFileType = sourcecode.swift; path = ContactCell.swift; sourceTree = "<group>"; };
		6A12EEB3214D2D5F00D4C16C /* ColorPickerViewController.swift */ = {isa = PBXFileReference; fileEncoding = 4; lastKnownFileType = sourcecode.swift; path = ColorPickerViewController.swift; sourceTree = "<group>"; };
		6A12EEB5214D2D5F00D4C16C /* DatePickerViewController.swift */ = {isa = PBXFileReference; fileEncoding = 4; lastKnownFileType = sourcecode.swift; path = DatePickerViewController.swift; sourceTree = "<group>"; };
		6A12EEB7214D2D5F00D4C16C /* ImagePickerViewController.swift */ = {isa = PBXFileReference; fileEncoding = 4; lastKnownFileType = sourcecode.swift; path = ImagePickerViewController.swift; sourceTree = "<group>"; };
		6A12EEB9214D2D5F00D4C16C /* ItemWithImage.swift */ = {isa = PBXFileReference; fileEncoding = 4; lastKnownFileType = sourcecode.swift; path = ItemWithImage.swift; sourceTree = "<group>"; };
		6A12EEBC214D2D5F00D4C16C /* PhotoLayout.swift */ = {isa = PBXFileReference; fileEncoding = 4; lastKnownFileType = sourcecode.swift; path = PhotoLayout.swift; sourceTree = "<group>"; };
		6A12EEBD214D2D5F00D4C16C /* TelegramPickerViewController.swift */ = {isa = PBXFileReference; fileEncoding = 4; lastKnownFileType = sourcecode.swift; path = TelegramPickerViewController.swift; sourceTree = "<group>"; };
		6A12EEBF214D2D5F00D4C16C /* ItemWithPhoto.swift */ = {isa = PBXFileReference; fileEncoding = 4; lastKnownFileType = sourcecode.swift; path = ItemWithPhoto.swift; sourceTree = "<group>"; };
		6A12EEC0214D2D5F00D4C16C /* LikeButtonCell.swift */ = {isa = PBXFileReference; fileEncoding = 4; lastKnownFileType = sourcecode.swift; path = LikeButtonCell.swift; sourceTree = "<group>"; };
		6A12EEC2214D2D5F00D4C16C /* Label.swift */ = {isa = PBXFileReference; fileEncoding = 4; lastKnownFileType = sourcecode.swift; path = Label.swift; sourceTree = "<group>"; };
		6A12EEC3214D2D5F00D4C16C /* SegmentedControl.swift */ = {isa = PBXFileReference; fileEncoding = 4; lastKnownFileType = sourcecode.swift; path = SegmentedControl.swift; sourceTree = "<group>"; };
		6A12EEC4214D2D5F00D4C16C /* GradientSlider.swift */ = {isa = PBXFileReference; fileEncoding = 4; lastKnownFileType = sourcecode.swift; path = GradientSlider.swift; sourceTree = "<group>"; };
		6A12EEC5214D2D5F00D4C16C /* TextField.swift */ = {isa = PBXFileReference; fileEncoding = 4; lastKnownFileType = sourcecode.swift; path = TextField.swift; sourceTree = "<group>"; };
		6A12EEC6214D2D5F00D4C16C /* Button.swift */ = {isa = PBXFileReference; fileEncoding = 4; lastKnownFileType = sourcecode.swift; path = Button.swift; sourceTree = "<group>"; };
/* End PBXFileReference section */

/* Begin PBXFrameworksBuildPhase section */
		6A12EE67214D2D2A00D4C16C /* Frameworks */ = {
			isa = PBXFrameworksBuildPhase;
			buildActionMask = 2147483647;
			files = (
			);
			runOnlyForDeploymentPostprocessing = 0;
		};
/* End PBXFrameworksBuildPhase section */

/* Begin PBXGroup section */
		6A12EE61214D2D2A00D4C16C = {
			isa = PBXGroup;
			children = (
				6A12EE6D214D2D2A00D4C16C /* UIAlertHelper */,
				6A12EE6C214D2D2A00D4C16C /* Products */,
			);
			sourceTree = "<group>";
		};
		6A12EE6C214D2D2A00D4C16C /* Products */ = {
			isa = PBXGroup;
			children = (
				6A12EE6B214D2D2A00D4C16C /* UIAlertHelper.framework */,
			);
			name = Products;
			sourceTree = "<group>";
		};
		6A12EE6D214D2D2A00D4C16C /* UIAlertHelper */ = {
			isa = PBXGroup;
			children = (
				6A12EE76214D2D5E00D4C16C /* Source */,
				6A12EE6E214D2D2A00D4C16C /* UIAlertHelper.h */,
				6A12EE6F214D2D2A00D4C16C /* Info.plist */,
			);
			path = UIAlertHelper;
			sourceTree = "<group>";
		};
		6A12EE76214D2D5E00D4C16C /* Source */ = {
			isa = PBXGroup;
			children = (
				6A12EE77214D2D5E00D4C16C /* Extensions */,
				6A12EE89214D2D5E00D4C16C /* Viewers */,
				6A12EE8D214D2D5E00D4C16C /* Pickers */,
				6A12EEC1214D2D5F00D4C16C /* Views */,
			);
			path = Source;
			sourceTree = "<group>";
		};
		6A12EE77214D2D5E00D4C16C /* Extensions */ = {
			isa = PBXGroup;
			children = (
				6A12EE78214D2D5E00D4C16C /* Array+Extensions.swift */,
				6A12EE79214D2D5E00D4C16C /* UISegmentedControl+Extensions.swift */,
				6A12EE7A214D2D5E00D4C16C /* UIImageView+Extensions.swift */,
				6A12EE7B214D2D5E00D4C16C /* UIViewController+Extensions.swift */,
				6A12EE7C214D2D5E00D4C16C /* UIView+Extensions.swift */,
				6A12EE7D214D2D5E00D4C16C /* Date+Extension.swift */,
				6A12EE7E214D2D5E00D4C16C /* String+Extensions.swift */,
				6A12EE7F214D2D5E00D4C16C /* UITextView+Extensions.swift */,
				6A12EE80214D2D5E00D4C16C /* UIColor+Extensions.swift */,
				6A12EE81214D2D5E00D4C16C /* UIImage+Extensions.swift */,
				6A12EE82214D2D5E00D4C16C /* UISearchBar+Extensions.swift */,
				6A12EE83214D2D5E00D4C16C /* UIApplication+Extensions.swift */,
				6A12EE84214D2D5E00D4C16C /* UIAlertController+Extensions.swift */,
				6A12EE85214D2D5E00D4C16C /* Optional+Extensions.swift */,
				6A12EE86214D2D5E00D4C16C /* Common+Extensions.swift */,
				6A12EE87214D2D5E00D4C16C /* Locale+Extensions.swift */,
				6A12EE88214D2D5E00D4C16C /* UITextField+Extensions.swift */,
			);
			path = Extensions;
			sourceTree = "<group>";
		};
		6A12EE89214D2D5E00D4C16C /* Viewers */ = {
			isa = PBXGroup;
			children = (
				6A12EE8A214D2D5E00D4C16C /* Models */,
				6A12EE8C214D2D5E00D4C16C /* TextViewController.swift */,
			);
			path = Viewers;
			sourceTree = "<group>";
		};
		6A12EE8A214D2D5E00D4C16C /* Models */ = {
			isa = PBXGroup;
			children = (
				6A12EE8B214D2D5E00D4C16C /* AttributedTextBlock.swift */,
			);
			path = Models;
			sourceTree = "<group>";
		};
		6A12EE8D214D2D5E00D4C16C /* Pickers */ = {
			isa = PBXGroup;
			children = (
				6A12EE8E214D2D5E00D4C16C /* Locale */,
				6A12EE99214D2D5E00D4C16C /* TextFields */,
				6A12EE9C214D2D5E00D4C16C /* PhotoLibrary */,
				6A12EEA0214D2D5E00D4C16C /* Location */,
				6A12EEA8214D2D5E00D4C16C /* PickerView */,
				6A12EEAA214D2D5F00D4C16C /* Contacts */,
				6A12EEB2214D2D5F00D4C16C /* Color */,
				6A12EEB4214D2D5F00D4C16C /* Date */,
				6A12EEB6214D2D5F00D4C16C /* Image */,
				6A12EEBA214D2D5F00D4C16C /* Telegram */,
			);
			path = Pickers;
			sourceTree = "<group>";
		};
		6A12EE8E214D2D5E00D4C16C /* Locale */ = {
			isa = PBXGroup;
			children = (
				6A12EE8F214D2D5E00D4C16C /* Countries.bundle */,
				6A12EE90214D2D5E00D4C16C /* Managers */,
				6A12EE92214D2D5E00D4C16C /* Models */,
				6A12EE94214D2D5E00D4C16C /* LocalePickerViewController.swift */,
				6A12EE95214D2D5E00D4C16C /* Views */,
			);
			path = Locale;
			sourceTree = "<group>";
		};
		6A12EE90214D2D5E00D4C16C /* Managers */ = {
			isa = PBXGroup;
			children = (
				6A12EE91214D2D5E00D4C16C /* LocaleStore.swift */,
			);
			path = Managers;
			sourceTree = "<group>";
		};
		6A12EE92214D2D5E00D4C16C /* Models */ = {
			isa = PBXGroup;
			children = (
				6A12EE93214D2D5E00D4C16C /* LocaleInfo.swift */,
			);
			path = Models;
			sourceTree = "<group>";
		};
		6A12EE95214D2D5E00D4C16C /* Views */ = {
			isa = PBXGroup;
			children = (
				6A12EE96214D2D5E00D4C16C /* PhoneCodeCell.swift */,
				6A12EE97214D2D5E00D4C16C /* CurrencyCell.swift */,
				6A12EE98214D2D5E00D4C16C /* CountryCell.swift */,
			);
			path = Views;
			sourceTree = "<group>";
		};
		6A12EE99214D2D5E00D4C16C /* TextFields */ = {
			isa = PBXGroup;
			children = (
				6A12EE9A214D2D5E00D4C16C /* TwoTextFieldsViewController.swift */,
				6A12EE9B214D2D5E00D4C16C /* OneTextFieldViewController.swift */,
			);
			path = TextFields;
			sourceTree = "<group>";
		};
		6A12EE9C214D2D5E00D4C16C /* PhotoLibrary */ = {
			isa = PBXGroup;
			children = (
				6A12EE9D214D2D5E00D4C16C /* Managers */,
				6A12EE9F214D2D5E00D4C16C /* PhotoLibraryPickerViewController.swift */,
			);
			path = PhotoLibrary;
			sourceTree = "<group>";
		};
		6A12EE9D214D2D5E00D4C16C /* Managers */ = {
			isa = PBXGroup;
			children = (
				6A12EE9E214D2D5E00D4C16C /* Assets.swift */,
			);
			path = Managers;
			sourceTree = "<group>";
		};
		6A12EEA0214D2D5E00D4C16C /* Location */ = {
			isa = PBXGroup;
			children = (
				6A12EEA1214D2D5E00D4C16C /* LocationSearchResultsViewController.swift */,
				6A12EEA2214D2D5E00D4C16C /* LocationPickerViewController.swift */,
				6A12EEA3214D2D5E00D4C16C /* Managers */,
				6A12EEA5214D2D5E00D4C16C /* Models */,
			);
			path = Location;
			sourceTree = "<group>";
		};
		6A12EEA3214D2D5E00D4C16C /* Managers */ = {
			isa = PBXGroup;
			children = (
				6A12EEA4214D2D5E00D4C16C /* SearchHistoryManager.swift */,
			);
			path = Managers;
			sourceTree = "<group>";
		};
		6A12EEA5214D2D5E00D4C16C /* Models */ = {
			isa = PBXGroup;
			children = (
				6A12EEA6214D2D5E00D4C16C /* Location.swift */,
				6A12EEA7214D2D5E00D4C16C /* Address.swift */,
			);
			path = Models;
			sourceTree = "<group>";
		};
		6A12EEA8214D2D5E00D4C16C /* PickerView */ = {
			isa = PBXGroup;
			children = (
				6A12EEA9214D2D5E00D4C16C /* PickerViewViewController.swift */,
			);
			path = PickerView;
			sourceTree = "<group>";
		};
		6A12EEAA214D2D5F00D4C16C /* Contacts */ = {
			isa = PBXGroup;
			children = (
				6A12EEAB214D2D5F00D4C16C /* ContactsPickerViewController.swift */,
				6A12EEAC214D2D5F00D4C16C /* Managers */,
				6A12EEAE214D2D5F00D4C16C /* Models */,
				6A12EEB0214D2D5F00D4C16C /* Views */,
			);
			path = Contacts;
			sourceTree = "<group>";
		};
		6A12EEAC214D2D5F00D4C16C /* Managers */ = {
			isa = PBXGroup;
			children = (
				6A12EEAD214D2D5F00D4C16C /* Contacts.swift */,
			);
			path = Managers;
			sourceTree = "<group>";
		};
		6A12EEAE214D2D5F00D4C16C /* Models */ = {
			isa = PBXGroup;
			children = (
				6A12EEAF214D2D5F00D4C16C /* Contact.swift */,
			);
			path = Models;
			sourceTree = "<group>";
		};
		6A12EEB0214D2D5F00D4C16C /* Views */ = {
			isa = PBXGroup;
			children = (
				6A12EEB1214D2D5F00D4C16C /* ContactCell.swift */,
			);
			path = Views;
			sourceTree = "<group>";
		};
		6A12EEB2214D2D5F00D4C16C /* Color */ = {
			isa = PBXGroup;
			children = (
				6A12EEB3214D2D5F00D4C16C /* ColorPickerViewController.swift */,
			);
			path = Color;
			sourceTree = "<group>";
		};
		6A12EEB4214D2D5F00D4C16C /* Date */ = {
			isa = PBXGroup;
			children = (
				6A12EEB5214D2D5F00D4C16C /* DatePickerViewController.swift */,
			);
			path = Date;
			sourceTree = "<group>";
		};
		6A12EEB6214D2D5F00D4C16C /* Image */ = {
			isa = PBXGroup;
			children = (
				6A12EEB7214D2D5F00D4C16C /* ImagePickerViewController.swift */,
				6A12EEB8214D2D5F00D4C16C /* Views */,
			);
			path = Image;
			sourceTree = "<group>";
		};
		6A12EEB8214D2D5F00D4C16C /* Views */ = {
			isa = PBXGroup;
			children = (
				6A12EEB9214D2D5F00D4C16C /* ItemWithImage.swift */,
			);
			path = Views;
			sourceTree = "<group>";
		};
		6A12EEBA214D2D5F00D4C16C /* Telegram */ = {
			isa = PBXGroup;
			children = (
				6A12EEBB214D2D5F00D4C16C /* Layouts */,
				6A12EEBD214D2D5F00D4C16C /* TelegramPickerViewController.swift */,
				6A12EEBE214D2D5F00D4C16C /* Views */,
			);
			path = Telegram;
			sourceTree = "<group>";
		};
		6A12EEBB214D2D5F00D4C16C /* Layouts */ = {
			isa = PBXGroup;
			children = (
				6A12EEBC214D2D5F00D4C16C /* PhotoLayout.swift */,
			);
			path = Layouts;
			sourceTree = "<group>";
		};
		6A12EEBE214D2D5F00D4C16C /* Views */ = {
			isa = PBXGroup;
			children = (
				6A12EEBF214D2D5F00D4C16C /* ItemWithPhoto.swift */,
				6A12EEC0214D2D5F00D4C16C /* LikeButtonCell.swift */,
			);
			path = Views;
			sourceTree = "<group>";
		};
		6A12EEC1214D2D5F00D4C16C /* Views */ = {
			isa = PBXGroup;
			children = (
				6A12EEC2214D2D5F00D4C16C /* Label.swift */,
				6A12EEC3214D2D5F00D4C16C /* SegmentedControl.swift */,
				6A12EEC4214D2D5F00D4C16C /* GradientSlider.swift */,
				6A12EEC5214D2D5F00D4C16C /* TextField.swift */,
				6A12EEC6214D2D5F00D4C16C /* Button.swift */,
			);
			path = Views;
			sourceTree = "<group>";
		};
/* End PBXGroup section */

/* Begin PBXHeadersBuildPhase section */
		6A12EE68214D2D2A00D4C16C /* Headers */ = {
			isa = PBXHeadersBuildPhase;
			buildActionMask = 2147483647;
			files = (
				6A12EE70214D2D2A00D4C16C /* UIAlertHelper.h in Headers */,
			);
			runOnlyForDeploymentPostprocessing = 0;
		};
/* End PBXHeadersBuildPhase section */

/* Begin PBXNativeTarget section */
		6A12EE6A214D2D2A00D4C16C /* UIAlertHelper */ = {
			isa = PBXNativeTarget;
			buildConfigurationList = 6A12EE73214D2D2A00D4C16C /* Build configuration list for PBXNativeTarget "UIAlertHelper" */;
			buildPhases = (
				6A12EE66214D2D2A00D4C16C /* Sources */,
				6A12EE67214D2D2A00D4C16C /* Frameworks */,
				6A12EE68214D2D2A00D4C16C /* Headers */,
				6A12EE69214D2D2A00D4C16C /* Resources */,
			);
			buildRules = (
			);
			dependencies = (
			);
			name = UIAlertHelper;
			productName = UIAlertHelper;
			productReference = 6A12EE6B214D2D2A00D4C16C /* UIAlertHelper.framework */;
			productType = "com.apple.product-type.framework";
		};
/* End PBXNativeTarget section */

/* Begin PBXProject section */
		6A12EE62214D2D2A00D4C16C /* Project object */ = {
			isa = PBXProject;
			attributes = {
				LastUpgradeCheck = 0940;
				ORGANIZATIONNAME = Sunflower;
				TargetAttributes = {
					6A12EE6A214D2D2A00D4C16C = {
						CreatedOnToolsVersion = 9.4.1;
					};
				};
			};
			buildConfigurationList = 6A12EE65214D2D2A00D4C16C /* Build configuration list for PBXProject "UIAlertHelper" */;
			compatibilityVersion = "Xcode 9.3";
			developmentRegion = en;
			hasScannedForEncodings = 0;
			knownRegions = (
				en,
			);
			mainGroup = 6A12EE61214D2D2A00D4C16C;
			productRefGroup = 6A12EE6C214D2D2A00D4C16C /* Products */;
			projectDirPath = "";
			projectRoot = "";
			targets = (
				6A12EE6A214D2D2A00D4C16C /* UIAlertHelper */,
			);
		};
/* End PBXProject section */

/* Begin PBXResourcesBuildPhase section */
		6A12EE69214D2D2A00D4C16C /* Resources */ = {
			isa = PBXResourcesBuildPhase;
			buildActionMask = 2147483647;
			files = (
				6A12EEDA214D2D5F00D4C16C /* Countries.bundle in Resources */,
			);
			runOnlyForDeploymentPostprocessing = 0;
		};
/* End PBXResourcesBuildPhase section */

/* Begin PBXSourcesBuildPhase section */
		6A12EE66214D2D2A00D4C16C /* Sources */ = {
			isa = PBXSourcesBuildPhase;
			buildActionMask = 2147483647;
			files = (
				6A12EEE5214D2D5F00D4C16C /* LocationSearchResultsViewController.swift in Sources */,
				6A12EEE8214D2D5F00D4C16C /* Location.swift in Sources */,
				6A12EEF8214D2D5F00D4C16C /* SegmentedControl.swift in Sources */,
				6A12EEE6214D2D5F00D4C16C /* LocationPickerViewController.swift in Sources */,
				6A12EEF9214D2D5F00D4C16C /* GradientSlider.swift in Sources */,
				6A12EEF5214D2D5F00D4C16C /* ItemWithPhoto.swift in Sources */,
				6A12EEFA214D2D5F00D4C16C /* TextField.swift in Sources */,
				6A12EEEE214D2D5F00D4C16C /* ContactCell.swift in Sources */,
				6A12EEDF214D2D5F00D4C16C /* CurrencyCell.swift in Sources */,
				6A12EECA214D2D5F00D4C16C /* UIViewController+Extensions.swift in Sources */,
				6A12EEF1214D2D5F00D4C16C /* ImagePickerViewController.swift in Sources */,
				6A12EEFB214D2D5F00D4C16C /* Button.swift in Sources */,
				6A12EEEB214D2D5F00D4C16C /* ContactsPickerViewController.swift in Sources */,
				6A12EEF2214D2D5F00D4C16C /* ItemWithImage.swift in Sources */,
				6A12EEF4214D2D5F00D4C16C /* TelegramPickerViewController.swift in Sources */,
				6A12EECD214D2D5F00D4C16C /* String+Extensions.swift in Sources */,
				6A12EEEA214D2D5F00D4C16C /* PickerViewViewController.swift in Sources */,
				6A12EEDC214D2D5F00D4C16C /* LocaleInfo.swift in Sources */,
				6A12EEE2214D2D5F00D4C16C /* OneTextFieldViewController.swift in Sources */,
				6A12EED2214D2D5F00D4C16C /* UIApplication+Extensions.swift in Sources */,
				6A12EED7214D2D5F00D4C16C /* UITextField+Extensions.swift in Sources */,
				6A12EED1214D2D5F00D4C16C /* UISearchBar+Extensions.swift in Sources */,
				6A12EEF3214D2D5F00D4C16C /* PhotoLayout.swift in Sources */,
				6A12EEE0214D2D5F00D4C16C /* CountryCell.swift in Sources */,
				6A12EEE9214D2D5F00D4C16C /* Address.swift in Sources */,
				6A12EEC9214D2D5F00D4C16C /* UIImageView+Extensions.swift in Sources */,
				6A12EECB214D2D5F00D4C16C /* UIView+Extensions.swift in Sources */,
				6A12EEE4214D2D5F00D4C16C /* PhotoLibraryPickerViewController.swift in Sources */,
				6A12EEF6214D2D5F00D4C16C /* LikeButtonCell.swift in Sources */,
				6A12EEC8214D2D5F00D4C16C /* UISegmentedControl+Extensions.swift in Sources */,
				6A12EEE1214D2D5F00D4C16C /* TwoTextFieldsViewController.swift in Sources */,
				6A12EEED214D2D5F00D4C16C /* Contact.swift in Sources */,
				6A12EED3214D2D5F00D4C16C /* UIAlertController+Extensions.swift in Sources */,
				6A12EEDE214D2D5F00D4C16C /* PhoneCodeCell.swift in Sources */,
				6A12EEC7214D2D5F00D4C16C /* Array+Extensions.swift in Sources */,
				6A12EED4214D2D5F00D4C16C /* Optional+Extensions.swift in Sources */,
				6A12EECC214D2D5F00D4C16C /* Date+Extension.swift in Sources */,
				6A12EED0214D2D5F00D4C16C /* UIImage+Extensions.swift in Sources */,
				6A12EEDB214D2D5F00D4C16C /* LocaleStore.swift in Sources */,
				6A12EECF214D2D5F00D4C16C /* UIColor+Extensions.swift in Sources */,
				6A12EEF0214D2D5F00D4C16C /* DatePickerViewController.swift in Sources */,
				6A12EEEF214D2D5F00D4C16C /* ColorPickerViewController.swift in Sources */,
				6A12EEF7214D2D5F00D4C16C /* Label.swift in Sources */,
				6A12EEE7214D2D5F00D4C16C /* SearchHistoryManager.swift in Sources */,
				6A12EEDD214D2D5F00D4C16C /* LocalePickerViewController.swift in Sources */,
				6A12EEE3214D2D5F00D4C16C /* Assets.swift in Sources */,
				6A12EED8214D2D5F00D4C16C /* AttributedTextBlock.swift in Sources */,
				6A12EED6214D2D5F00D4C16C /* Locale+Extensions.swift in Sources */,
				6A12EED5214D2D5F00D4C16C /* Common+Extensions.swift in Sources */,
				6A12EED9214D2D5F00D4C16C /* TextViewController.swift in Sources */,
				6A12EEEC214D2D5F00D4C16C /* Contacts.swift in Sources */,
				6A12EECE214D2D5F00D4C16C /* UITextView+Extensions.swift in Sources */,
			);
			runOnlyForDeploymentPostprocessing = 0;
		};
/* End PBXSourcesBuildPhase section */

/* Begin XCBuildConfiguration section */
		6A12EE71214D2D2A00D4C16C /* Debug */ = {
			isa = XCBuildConfiguration;
			buildSettings = {
				ALWAYS_SEARCH_USER_PATHS = NO;
				CLANG_ANALYZER_NONNULL = YES;
				CLANG_ANALYZER_NUMBER_OBJECT_CONVERSION = YES_AGGRESSIVE;
				CLANG_CXX_LANGUAGE_STANDARD = "gnu++14";
				CLANG_CXX_LIBRARY = "libc++";
				CLANG_ENABLE_MODULES = YES;
				CLANG_ENABLE_OBJC_ARC = YES;
				CLANG_ENABLE_OBJC_WEAK = YES;
				CLANG_WARN_BLOCK_CAPTURE_AUTORELEASING = YES;
				CLANG_WARN_BOOL_CONVERSION = YES;
				CLANG_WARN_COMMA = YES;
				CLANG_WARN_CONSTANT_CONVERSION = YES;
				CLANG_WARN_DEPRECATED_OBJC_IMPLEMENTATIONS = YES;
				CLANG_WARN_DIRECT_OBJC_ISA_USAGE = YES_ERROR;
				CLANG_WARN_DOCUMENTATION_COMMENTS = YES;
				CLANG_WARN_EMPTY_BODY = YES;
				CLANG_WARN_ENUM_CONVERSION = YES;
				CLANG_WARN_INFINITE_RECURSION = YES;
				CLANG_WARN_INT_CONVERSION = YES;
				CLANG_WARN_NON_LITERAL_NULL_CONVERSION = YES;
				CLANG_WARN_OBJC_IMPLICIT_RETAIN_SELF = YES;
				CLANG_WARN_OBJC_LITERAL_CONVERSION = YES;
				CLANG_WARN_OBJC_ROOT_CLASS = YES_ERROR;
				CLANG_WARN_RANGE_LOOP_ANALYSIS = YES;
				CLANG_WARN_STRICT_PROTOTYPES = YES;
				CLANG_WARN_SUSPICIOUS_MOVE = YES;
				CLANG_WARN_UNGUARDED_AVAILABILITY = YES_AGGRESSIVE;
				CLANG_WARN_UNREACHABLE_CODE = YES;
				CLANG_WARN__DUPLICATE_METHOD_MATCH = YES;
				CODE_SIGN_IDENTITY = "iPhone Developer";
				COPY_PHASE_STRIP = NO;
				CURRENT_PROJECT_VERSION = 1;
				DEBUG_INFORMATION_FORMAT = dwarf;
				ENABLE_STRICT_OBJC_MSGSEND = YES;
				ENABLE_TESTABILITY = YES;
				GCC_C_LANGUAGE_STANDARD = gnu11;
				GCC_DYNAMIC_NO_PIC = NO;
				GCC_NO_COMMON_BLOCKS = YES;
				GCC_OPTIMIZATION_LEVEL = 0;
				GCC_PREPROCESSOR_DEFINITIONS = (
					"DEBUG=1",
					"$(inherited)",
				);
				GCC_WARN_64_TO_32_BIT_CONVERSION = YES;
				GCC_WARN_ABOUT_RETURN_TYPE = YES_ERROR;
				GCC_WARN_UNDECLARED_SELECTOR = YES;
				GCC_WARN_UNINITIALIZED_AUTOS = YES_AGGRESSIVE;
				GCC_WARN_UNUSED_FUNCTION = YES;
				GCC_WARN_UNUSED_VARIABLE = YES;
				IPHONEOS_DEPLOYMENT_TARGET = 11.4;
				MTL_ENABLE_DEBUG_INFO = YES;
				ONLY_ACTIVE_ARCH = YES;
				SDKROOT = iphoneos;
				SWIFT_ACTIVE_COMPILATION_CONDITIONS = DEBUG;
				SWIFT_OPTIMIZATION_LEVEL = "-Onone";
				VERSIONING_SYSTEM = "apple-generic";
				VERSION_INFO_PREFIX = "";
			};
			name = Debug;
		};
		6A12EE72214D2D2A00D4C16C /* Release */ = {
			isa = XCBuildConfiguration;
			buildSettings = {
				ALWAYS_SEARCH_USER_PATHS = NO;
				CLANG_ANALYZER_NONNULL = YES;
				CLANG_ANALYZER_NUMBER_OBJECT_CONVERSION = YES_AGGRESSIVE;
				CLANG_CXX_LANGUAGE_STANDARD = "gnu++14";
				CLANG_CXX_LIBRARY = "libc++";
				CLANG_ENABLE_MODULES = YES;
				CLANG_ENABLE_OBJC_ARC = YES;
				CLANG_ENABLE_OBJC_WEAK = YES;
				CLANG_WARN_BLOCK_CAPTURE_AUTORELEASING = YES;
				CLANG_WARN_BOOL_CONVERSION = YES;
				CLANG_WARN_COMMA = YES;
				CLANG_WARN_CONSTANT_CONVERSION = YES;
				CLANG_WARN_DEPRECATED_OBJC_IMPLEMENTATIONS = YES;
				CLANG_WARN_DIRECT_OBJC_ISA_USAGE = YES_ERROR;
				CLANG_WARN_DOCUMENTATION_COMMENTS = YES;
				CLANG_WARN_EMPTY_BODY = YES;
				CLANG_WARN_ENUM_CONVERSION = YES;
				CLANG_WARN_INFINITE_RECURSION = YES;
				CLANG_WARN_INT_CONVERSION = YES;
				CLANG_WARN_NON_LITERAL_NULL_CONVERSION = YES;
				CLANG_WARN_OBJC_IMPLICIT_RETAIN_SELF = YES;
				CLANG_WARN_OBJC_LITERAL_CONVERSION = YES;
				CLANG_WARN_OBJC_ROOT_CLASS = YES_ERROR;
				CLANG_WARN_RANGE_LOOP_ANALYSIS = YES;
				CLANG_WARN_STRICT_PROTOTYPES = YES;
				CLANG_WARN_SUSPICIOUS_MOVE = YES;
				CLANG_WARN_UNGUARDED_AVAILABILITY = YES_AGGRESSIVE;
				CLANG_WARN_UNREACHABLE_CODE = YES;
				CLANG_WARN__DUPLICATE_METHOD_MATCH = YES;
				CODE_SIGN_IDENTITY = "iPhone Developer";
				COPY_PHASE_STRIP = NO;
				CURRENT_PROJECT_VERSION = 1;
				DEBUG_INFORMATION_FORMAT = "dwarf-with-dsym";
				ENABLE_NS_ASSERTIONS = NO;
				ENABLE_STRICT_OBJC_MSGSEND = YES;
				GCC_C_LANGUAGE_STANDARD = gnu11;
				GCC_NO_COMMON_BLOCKS = YES;
				GCC_WARN_64_TO_32_BIT_CONVERSION = YES;
				GCC_WARN_ABOUT_RETURN_TYPE = YES_ERROR;
				GCC_WARN_UNDECLARED_SELECTOR = YES;
				GCC_WARN_UNINITIALIZED_AUTOS = YES_AGGRESSIVE;
				GCC_WARN_UNUSED_FUNCTION = YES;
				GCC_WARN_UNUSED_VARIABLE = YES;
				IPHONEOS_DEPLOYMENT_TARGET = 11.4;
				MTL_ENABLE_DEBUG_INFO = NO;
				SDKROOT = iphoneos;
				SWIFT_COMPILATION_MODE = wholemodule;
				SWIFT_OPTIMIZATION_LEVEL = "-O";
				VALIDATE_PRODUCT = YES;
				VERSIONING_SYSTEM = "apple-generic";
				VERSION_INFO_PREFIX = "";
			};
			name = Release;
		};
		6A12EE74214D2D2A00D4C16C /* Debug */ = {
			isa = XCBuildConfiguration;
			buildSettings = {
				CODE_SIGN_IDENTITY = "";
				CODE_SIGN_STYLE = Automatic;
				DEFINES_MODULE = YES;
				DYLIB_COMPATIBILITY_VERSION = 1;
				DYLIB_CURRENT_VERSION = 1;
				DYLIB_INSTALL_NAME_BASE = "@rpath";
				INFOPLIST_FILE = UIAlertHelper/Info.plist;
				INSTALL_PATH = "$(LOCAL_LIBRARY_DIR)/Frameworks";
				LD_RUNPATH_SEARCH_PATHS = (
					"$(inherited)",
					"@executable_path/Frameworks",
					"@loader_path/Frameworks",
				);
				PRODUCT_BUNDLE_IDENTIFIER = com.thanhtv.UIAlertHelper;
				PRODUCT_NAME = "$(TARGET_NAME:c99extidentifier)";
				SKIP_INSTALL = YES;
				SWIFT_VERSION = 4.0;
				TARGETED_DEVICE_FAMILY = "1,2";
			};
			name = Debug;
		};
		6A12EE75214D2D2A00D4C16C /* Release */ = {
			isa = XCBuildConfiguration;
			buildSettings = {
				CODE_SIGN_IDENTITY = "";
				CODE_SIGN_STYLE = Automatic;
				DEFINES_MODULE = YES;
				DYLIB_COMPATIBILITY_VERSION = 1;
				DYLIB_CURRENT_VERSION = 1;
				DYLIB_INSTALL_NAME_BASE = "@rpath";
				INFOPLIST_FILE = UIAlertHelper/Info.plist;
				INSTALL_PATH = "$(LOCAL_LIBRARY_DIR)/Frameworks";
				LD_RUNPATH_SEARCH_PATHS = (
					"$(inherited)",
					"@executable_path/Frameworks",
					"@loader_path/Frameworks",
				);
				PRODUCT_BUNDLE_IDENTIFIER = com.thanhtv.UIAlertHelper;
				PRODUCT_NAME = "$(TARGET_NAME:c99extidentifier)";
				SKIP_INSTALL = YES;
				SWIFT_VERSION = 4.0;
				TARGETED_DEVICE_FAMILY = "1,2";
			};
			name = Release;
		};
/* End XCBuildConfiguration section */

/* Begin XCConfigurationList section */
		6A12EE65214D2D2A00D4C16C /* Build configuration list for PBXProject "UIAlertHelper" */ = {
			isa = XCConfigurationList;
			buildConfigurations = (
				6A12EE71214D2D2A00D4C16C /* Debug */,
				6A12EE72214D2D2A00D4C16C /* Release */,
			);
			defaultConfigurationIsVisible = 0;
			defaultConfigurationName = Release;
		};
		6A12EE73214D2D2A00D4C16C /* Build configuration list for PBXNativeTarget "UIAlertHelper" */ = {
			isa = XCConfigurationList;
			buildConfigurations = (
				6A12EE74214D2D2A00D4C16C /* Debug */,
				6A12EE75214D2D2A00D4C16C /* Release */,
			);
			defaultConfigurationIsVisible = 0;
			defaultConfigurationName = Release;
		};
/* End XCConfigurationList section */
	};
	rootObject = 6A12EE62214D2D2A00D4C16C /* Project object */;
}
